
Microsoft Visual Studio Solution File, Format Version 12.00
# Visual Studio Version 17
VisualStudioVersion = 17.5.33530.505
MinimumVisualStudioVersion = 10.0.40219.1
Project("{FAE04EC0-301F-11D3-BF4B-00C04F79EFBC}") = "TecSearchApp", "TecSearchApp\TecSearchApp.csproj", "{57FE195B-A11D-4C33-A936-38A140DDDD47}"
EndProject
Global
	GlobalSection(SolutionConfigurationPlatforms) = preSolution
		Debug|Any CPU = Debug|Any CPU
		Release|Any CPU = Release|Any CPU
	EndGlobalSection
	GlobalSection(ProjectConfigurationPlatforms) = postSolution
		{57FE195B-A11D-4C33-A936-38A140DDDD47}.Debug|Any CPU.ActiveCfg = Debug|Any CPU
		{57FE195B-A11D-4C33-A936-38A140DDDD47}.Debug|Any CPU.Build.0 = Debug|Any CPU
		{57FE195B-A11D-4C33-A936-38A140DDDD47}.Release|Any CPU.ActiveCfg = Release|Any CPU
		{57FE195B-A11D-4C33-A936-38A140DDDD47}.Release|Any CPU.Build.0 = Release|Any CPU
	EndGlobalSection
	GlobalSection(SolutionProperties) = preSolution
		HideSolutionNode = FALSE
	EndGlobalSection
	GlobalSection(ExtensibilityGlobals) = postSolution
		SolutionGuid = {508F5BAF-6549-484A-86B5-1568EE222F1B}
	EndGlobalSection
EndGlobal
